// !$*UTF8*$!
{
	archiveVersion = 1;
	classes = {
	};
	objectVersion = 46;
	objects = {

/* Begin PBXBuildFile section */
		804067AF1CBDE007002457AC /* PlayViewController.m in Sources */ = {isa = PBXBuildFile; fileRef = 804067AE1CBDE007002457AC /* PlayViewController.m */; };
		804067B61CBDF5AB002457AC /* bg_player_cover_default.png in Resources */ = {isa = PBXBuildFile; fileRef = 804067B01CBDF5AB002457AC /* bg_player_cover_default.png */; };
		804067B71CBDF5AB002457AC /* ic_action_ban.png in Resources */ = {isa = PBXBuildFile; fileRef = 804067B11CBDF5AB002457AC /* ic_action_ban.png */; };
		804067B81CBDF5AB002457AC /* ic_action_next.png in Resources */ = {isa = PBXBuildFile; fileRef = 804067B21CBDF5AB002457AC /* ic_action_next.png */; };
		804067B91CBDF5AB002457AC /* ic_action_play_night_model.png in Resources */ = {isa = PBXBuildFile; fileRef = 804067B31CBDF5AB002457AC /* ic_action_play_night_model.png */; };
		804067BA1CBDF5AB002457AC /* ic_action_play.png in Resources */ = {isa = PBXBuildFile; fileRef = 804067B41CBDF5AB002457AC /* ic_action_play.png */; };
		804067BB1CBDF5AB002457AC /* ic_action_unfav.png in Resources */ = {isa = PBXBuildFile; fileRef = 804067B51CBDF5AB002457AC /* ic_action_unfav.png */; };
		8062172B1CBE318D00E04180 /* MediaPlayer.framework in Frameworks */ = {isa = PBXBuildFile; fileRef = 8062172A1CBE318D00E04180 /* MediaPlayer.framework */; };
		808540DE1CBD071C0006749F /* main.m in Sources */ = {isa = PBXBuildFile; fileRef = 808540DD1CBD071C0006749F /* main.m */; };
		808540E11CBD071C0006749F /* AppDelegate.m in Sources */ = {isa = PBXBuildFile; fileRef = 808540E01CBD071C0006749F /* AppDelegate.m */; };
		808540E71CBD071C0006749F /* Main.storyboard in Resources */ = {isa = PBXBuildFile; fileRef = 808540E51CBD071C0006749F /* Main.storyboard */; };
		808540E91CBD071C0006749F /* Assets.xcassets in Resources */ = {isa = PBXBuildFile; fileRef = 808540E81CBD071C0006749F /* Assets.xcassets */; };
		808540EC1CBD071C0006749F /* LaunchScreen.storyboard in Resources */ = {isa = PBXBuildFile; fileRef = 808540EA1CBD071C0006749F /* LaunchScreen.storyboard */; };
		808540F81CBD09370006749F /* SongListTableViewController.m in Sources */ = {isa = PBXBuildFile; fileRef = 808540F71CBD09370006749F /* SongListTableViewController.m */; };
		808540FB1CBD0B120006749F /* SongItemTableViewCell.m in Sources */ = {isa = PBXBuildFile; fileRef = 808540FA1CBD0B120006749F /* SongItemTableViewCell.m */; };
		808540FE1CBD0F030006749F /* music.png in Resources */ = {isa = PBXBuildFile; fileRef = 808540FD1CBD0F030006749F /* music.png */; };
		8085410D1CBD15760006749F /* AFHTTPSessionManager.m in Sources */ = {isa = PBXBuildFile; fileRef = 808541011CBD15760006749F /* AFHTTPSessionManager.m */; };
		8085410E1CBD15760006749F /* AFNetworkReachabilityManager.m in Sources */ = {isa = PBXBuildFile; fileRef = 808541041CBD15760006749F /* AFNetworkReachabilityManager.m */; };
		8085410F1CBD15760006749F /* AFSecurityPolicy.m in Sources */ = {isa = PBXBuildFile; fileRef = 808541061CBD15760006749F /* AFSecurityPolicy.m */; };
		808541101CBD15760006749F /* AFURLRequestSerialization.m in Sources */ = {isa = PBXBuildFile; fileRef = 808541081CBD15760006749F /* AFURLRequestSerialization.m */; };
		808541111CBD15760006749F /* AFURLResponseSerialization.m in Sources */ = {isa = PBXBuildFile; fileRef = 8085410A1CBD15760006749F /* AFURLResponseSerialization.m */; };
		808541121CBD15760006749F /* AFURLSessionManager.m in Sources */ = {isa = PBXBuildFile; fileRef = 8085410C1CBD15760006749F /* AFURLSessionManager.m */; };
		808541141CBD15B00006749F /* temp in Resources */ = {isa = PBXBuildFile; fileRef = 808541131CBD15B00006749F /* temp */; };
		808541161CBD15BF0006749F /* CoreLocation.framework in Frameworks */ = {isa = PBXBuildFile; fileRef = 808541151CBD15BF0006749F /* CoreLocation.framework */; };
		808541181CBD15CF0006749F /* SystemConfiguration.framework in Frameworks */ = {isa = PBXBuildFile; fileRef = 808541171CBD15CF0006749F /* SystemConfiguration.framework */; };
		8085411A1CBD15D70006749F /* MobileCoreServices.framework in Frameworks */ = {isa = PBXBuildFile; fileRef = 808541191CBD15D70006749F /* MobileCoreServices.framework */; };
		8085411C1CBD15E10006749F /* Security.framework in Frameworks */ = {isa = PBXBuildFile; fileRef = 8085411B1CBD15E10006749F /* Security.framework */; };
		8085411E1CBD30170006749F /* a.json in Resources */ = {isa = PBXBuildFile; fileRef = 8085411D1CBD30170006749F /* a.json */; };
/* End PBXBuildFile section */

/* Begin PBXFileReference section */
		804067AD1CBDE007002457AC /* PlayViewController.h */ = {isa = PBXFileReference; fileEncoding = 4; lastKnownFileType = sourcecode.c.h; path = PlayViewController.h; sourceTree = "<group>"; };
		804067AE1CBDE007002457AC /* PlayViewController.m */ = {isa = PBXFileReference; fileEncoding = 4; lastKnownFileType = sourcecode.c.objc; path = PlayViewController.m; sourceTree = "<group>"; };
		804067B01CBDF5AB002457AC /* bg_player_cover_default.png */ = {isa = PBXFileReference; lastKnownFileType = image.png; name = bg_player_cover_default.png; path = img/bg_player_cover_default.png; sourceTree = "<group>"; };
		804067B11CBDF5AB002457AC /* ic_action_ban.png */ = {isa = PBXFileReference; lastKnownFileType = image.png; name = ic_action_ban.png; path = img/ic_action_ban.png; sourceTree = "<group>"; };
		804067B21CBDF5AB002457AC /* ic_action_next.png */ = {isa = PBXFileReference; lastKnownFileType = image.png; name = ic_action_next.png; path = img/ic_action_next.png; sourceTree = "<group>"; };
		804067B31CBDF5AB002457AC /* ic_action_play_night_model.png */ = {isa = PBXFileReference; lastKnownFileType = image.png; name = ic_action_play_night_model.png; path = img/ic_action_play_night_model.png; sourceTree = "<group>"; };
		804067B41CBDF5AB002457AC /* ic_action_play.png */ = {isa = PBXFileReference; lastKnownFileType = image.png; name = ic_action_play.png; path = img/ic_action_play.png; sourceTree = "<group>"; };
		804067B51CBDF5AB002457AC /* ic_action_unfav.png */ = {isa = PBXFileReference; lastKnownFileType = image.png; name = ic_action_unfav.png; path = img/ic_action_unfav.png; sourceTree = "<group>"; };
		8062172A1CBE318D00E04180 /* MediaPlayer.framework */ = {isa = PBXFileReference; lastKnownFileType = wrapper.framework; name = MediaPlayer.framework; path = System/Library/Frameworks/MediaPlayer.framework; sourceTree = SDKROOT; };
		808540D91CBD071C0006749F /* YYMusic.app */ = {isa = PBXFileReference; explicitFileType = wrapper.application; includeInIndex = 0; path = YYMusic.app; sourceTree = BUILT_PRODUCTS_DIR; };
		808540DD1CBD071C0006749F /* main.m */ = {isa = PBXFileReference; lastKnownFileType = sourcecode.c.objc; path = main.m; sourceTree = "<group>"; };
		808540DF1CBD071C0006749F /* AppDelegate.h */ = {isa = PBXFileReference; lastKnownFileType = sourcecode.c.h; path = AppDelegate.h; sourceTree = "<group>"; };
		808540E01CBD071C0006749F /* AppDelegate.m */ = {isa = PBXFileReference; lastKnownFileType = sourcecode.c.objc; path = AppDelegate.m; sourceTree = "<group>"; };
		808540E61CBD071C0006749F /* Base */ = {isa = PBXFileReference; lastKnownFileType = file.storyboard; name = Base; path = Base.lproj/Main.storyboard; sourceTree = "<group>"; };
		808540E81CBD071C0006749F /* Assets.xcassets */ = {isa = PBXFileReference; lastKnownFileType = folder.assetcatalog; path = Assets.xcassets; sourceTree = "<group>"; };
		808540EB1CBD071C0006749F /* Base */ = {isa = PBXFileReference; lastKnownFileType = file.storyboard; name = Base; path = Base.lproj/LaunchScreen.storyboard; sourceTree = "<group>"; };
		808540ED1CBD071C0006749F /* Info.plist */ = {isa = PBXFileReference; lastKnownFileType = text.plist.xml; path = Info.plist; sourceTree = "<group>"; };
		808540F61CBD09370006749F /* SongListTableViewController.h */ = {isa = PBXFileReference; fileEncoding = 4; lastKnownFileType = sourcecode.c.h; path = SongListTableViewController.h; sourceTree = "<group>"; };
		808540F71CBD09370006749F /* SongListTableViewController.m */ = {isa = PBXFileReference; fileEncoding = 4; lastKnownFileType = sourcecode.c.objc; path = SongListTableViewController.m; sourceTree = "<group>"; };
		808540F91CBD0B120006749F /* SongItemTableViewCell.h */ = {isa = PBXFileReference; fileEncoding = 4; lastKnownFileType = sourcecode.c.h; path = SongItemTableViewCell.h; sourceTree = "<group>"; };
		808540FA1CBD0B120006749F /* SongItemTableViewCell.m */ = {isa = PBXFileReference; fileEncoding = 4; lastKnownFileType = sourcecode.c.objc; path = SongItemTableViewCell.m; sourceTree = "<group>"; };
		808540FD1CBD0F030006749F /* music.png */ = {isa = PBXFileReference; lastKnownFileType = image.png; name = music.png; path = img/music.png; sourceTree = "<group>"; };
		808541001CBD15760006749F /* AFHTTPSessionManager.h */ = {isa = PBXFileReference; fileEncoding = 4; lastKnownFileType = sourcecode.c.h; name = AFHTTPSessionManager.h; path = AFNetworking/AFHTTPSessionManager.h; sourceTree = "<group>"; };
		808541011CBD15760006749F /* AFHTTPSessionManager.m */ = {isa = PBXFileReference; fileEncoding = 4; lastKnownFileType = sourcecode.c.objc; name = AFHTTPSessionManager.m; path = AFNetworking/AFHTTPSessionManager.m; sourceTree = "<group>"; };
		808541021CBD15760006749F /* AFNetworking.h */ = {isa = PBXFileReference; fileEncoding = 4; lastKnownFileType = sourcecode.c.h; name = AFNetworking.h; path = AFNetworking/AFNetworking.h; sourceTree = "<group>"; };
		808541031CBD15760006749F /* AFNetworkReachabilityManager.h */ = {isa = PBXFileReference; fileEncoding = 4; lastKnownFileType = sourcecode.c.h; name = AFNetworkReachabilityManager.h; path = AFNetworking/AFNetworkReachabilityManager.h; sourceTree = "<group>"; };
		808541041CBD15760006749F /* AFNetworkReachabilityManager.m */ = {isa = PBXFileReference; fileEncoding = 4; lastKnownFileType = sourcecode.c.objc; name = AFNetworkReachabilityManager.m; path = AFNetworking/AFNetworkReachabilityManager.m; sourceTree = "<group>"; };
		808541051CBD15760006749F /* AFSecurityPolicy.h */ = {isa = PBXFileReference; fileEncoding = 4; lastKnownFileType = sourcecode.c.h; name = AFSecurityPolicy.h; path = AFNetworking/AFSecurityPolicy.h; sourceTree = "<group>"; };
		808541061CBD15760006749F /* AFSecurityPolicy.m */ = {isa = PBXFileReference; fileEncoding = 4; lastKnownFileType = sourcecode.c.objc; name = AFSecurityPolicy.m; path = AFNetworking/AFSecurityPolicy.m; sourceTree = "<group>"; };
		808541071CBD15760006749F /* AFURLRequestSerialization.h */ = {isa = PBXFileReference; fileEncoding = 4; lastKnownFileType = sourcecode.c.h; name = AFURLRequestSerialization.h; path = AFNetworking/AFURLRequestSerialization.h; sourceTree = "<group>"; };
		808541081CBD15760006749F /* AFURLRequestSerialization.m */ = {isa = PBXFileReference; fileEncoding = 4; lastKnownFileType = sourcecode.c.objc; name = AFURLRequestSerialization.m; path = AFNetworking/AFURLRequestSerialization.m; sourceTree = "<group>"; };
		808541091CBD15760006749F /* AFURLResponseSerialization.h */ = {isa = PBXFileReference; fileEncoding = 4; lastKnownFileType = sourcecode.c.h; name = AFURLResponseSerialization.h; path = AFNetworking/AFURLResponseSerialization.h; sourceTree = "<group>"; };
		8085410A1CBD15760006749F /* AFURLResponseSerialization.m */ = {isa = PBXFileReference; fileEncoding = 4; lastKnownFileType = sourcecode.c.objc; name = AFURLResponseSerialization.m; path = AFNetworking/AFURLResponseSerialization.m; sourceTree = "<group>"; };
		8085410B1CBD15760006749F /* AFURLSessionManager.h */ = {isa = PBXFileReference; fileEncoding = 4; lastKnownFileType = sourcecode.c.h; name = AFURLSessionManager.h; path = AFNetworking/AFURLSessionManager.h; sourceTree = "<group>"; };
		8085410C1CBD15760006749F /* AFURLSessionManager.m */ = {isa = PBXFileReference; fileEncoding = 4; lastKnownFileType = sourcecode.c.objc; name = AFURLSessionManager.m; path = AFNetworking/AFURLSessionManager.m; sourceTree = "<group>"; };
		808541131CBD15B00006749F /* temp */ = {isa = PBXFileReference; fileEncoding = 4; lastKnownFileType = text; path = temp; sourceTree = "<group>"; };
		808541151CBD15BF0006749F /* CoreLocation.framework */ = {isa = PBXFileReference; lastKnownFileType = wrapper.framework; name = CoreLocation.framework; path = System/Library/Frameworks/CoreLocation.framework; sourceTree = SDKROOT; };
		808541171CBD15CF0006749F /* SystemConfiguration.framework */ = {isa = PBXFileReference; lastKnownFileType = wrapper.framework; name = SystemConfiguration.framework; path = System/Library/Frameworks/SystemConfiguration.framework; sourceTree = SDKROOT; };
		808541191CBD15D70006749F /* MobileCoreServices.framework */ = {isa = PBXFileReference; lastKnownFileType = wrapper.framework; name = MobileCoreServices.framework; path = System/Library/Frameworks/MobileCoreServices.framework; sourceTree = SDKROOT; };
		8085411B1CBD15E10006749F /* Security.framework */ = {isa = PBXFileReference; lastKnownFileType = wrapper.framework; name = Security.framework; path = System/Library/Frameworks/Security.framework; sourceTree = SDKROOT; };
		8085411D1CBD30170006749F /* a.json */ = {isa = PBXFileReference; fileEncoding = 4; lastKnownFileType = text.json; path = a.json; sourceTree = "<group>"; };
/* End PBXFileReference section */

/* Begin PBXFrameworksBuildPhase section */
		808540D61CBD071C0006749F /* Frameworks */ = {
			isa = PBXFrameworksBuildPhase;
			buildActionMask = 2147483647;
			files = (
				8062172B1CBE318D00E04180 /* MediaPlayer.framework in Frameworks */,
				8085411C1CBD15E10006749F /* Security.framework in Frameworks */,
				8085411A1CBD15D70006749F /* MobileCoreServices.framework in Frameworks */,
				808541181CBD15CF0006749F /* SystemConfiguration.framework in Frameworks */,
				808541161CBD15BF0006749F /* CoreLocation.framework in Frameworks */,
			);
			runOnlyForDeploymentPostprocessing = 0;
		};
/* End PBXFrameworksBuildPhase section */

/* Begin PBXGroup section */
		808540D01CBD071C0006749F = {
			isa = PBXGroup;
			children = (
				8085411D1CBD30170006749F /* a.json */,
				808541131CBD15B00006749F /* temp */,
				808540FF1CBD15510006749F /* AFNetworking */,
				808540FC1CBD0EF90006749F /* img */,
				808540DB1CBD071C0006749F /* YYMusic */,
				808540DA1CBD071C0006749F /* Products */,
			);
			sourceTree = "<group>";
		};
		808540DA1CBD071C0006749F /* Products */ = {
			isa = PBXGroup;
			children = (
				808540D91CBD071C0006749F /* YYMusic.app */,
			);
			name = Products;
			sourceTree = "<group>";
		};
		808540DB1CBD071C0006749F /* YYMusic */ = {
			isa = PBXGroup;
			children = (
				808540DF1CBD071C0006749F /* AppDelegate.h */,
				808540E01CBD071C0006749F /* AppDelegate.m */,
				808540E51CBD071C0006749F /* Main.storyboard */,
				808540E81CBD071C0006749F /* Assets.xcassets */,
				808540EA1CBD071C0006749F /* LaunchScreen.storyboard */,
				808540ED1CBD071C0006749F /* Info.plist */,
				808540DC1CBD071C0006749F /* Supporting Files */,
				808540F61CBD09370006749F /* SongListTableViewController.h */,
				808540F71CBD09370006749F /* SongListTableViewController.m */,
				808540F91CBD0B120006749F /* SongItemTableViewCell.h */,
				808540FA1CBD0B120006749F /* SongItemTableViewCell.m */,
				804067AD1CBDE007002457AC /* PlayViewController.h */,
				804067AE1CBDE007002457AC /* PlayViewController.m */,
			);
			path = YYMusic;
			sourceTree = "<group>";
		};
		808540DC1CBD071C0006749F /* Supporting Files */ = {
			isa = PBXGroup;
			children = (
				808540DD1CBD071C0006749F /* main.m */,
			);
			name = "Supporting Files";
			sourceTree = "<group>";
		};
		808540FC1CBD0EF90006749F /* img */ = {
			isa = PBXGroup;
			children = (
				804067B01CBDF5AB002457AC /* bg_player_cover_default.png */,
				804067B11CBDF5AB002457AC /* ic_action_ban.png */,
				804067B21CBDF5AB002457AC /* ic_action_next.png */,
				804067B31CBDF5AB002457AC /* ic_action_play_night_model.png */,
				804067B41CBDF5AB002457AC /* ic_action_play.png */,
				804067B51CBDF5AB002457AC /* ic_action_unfav.png */,
				808540FD1CBD0F030006749F /* music.png */,
			);
			name = img;
			sourceTree = "<group>";
		};
		808540FF1CBD15510006749F /* AFNetworking */ = {
			isa = PBXGroup;
			children = (
				8062172A1CBE318D00E04180 /* MediaPlayer.framework */,
				8085411B1CBD15E10006749F /* Security.framework */,
				808541191CBD15D70006749F /* MobileCoreServices.framework */,
				808541171CBD15CF0006749F /* SystemConfiguration.framework */,
				808541151CBD15BF0006749F /* CoreLocation.framework */,
				808541001CBD15760006749F /* AFHTTPSessionManager.h */,
				808541011CBD15760006749F /* AFHTTPSessionManager.m */,
				808541021CBD15760006749F /* AFNetworking.h */,
				808541031CBD15760006749F /* AFNetworkReachabilityManager.h */,
				808541041CBD15760006749F /* AFNetworkReachabilityManager.m */,
				808541051CBD15760006749F /* AFSecurityPolicy.h */,
				808541061CBD15760006749F /* AFSecurityPolicy.m */,
				808541071CBD15760006749F /* AFURLRequestSerialization.h */,
				808541081CBD15760006749F /* AFURLRequestSerialization.m */,
				808541091CBD15760006749F /* AFURLResponseSerialization.h */,
				8085410A1CBD15760006749F /* AFURLResponseSerialization.m */,
				8085410B1CBD15760006749F /* AFURLSessionManager.h */,
				8085410C1CBD15760006749F /* AFURLSessionManager.m */,
			);
			name = AFNetworking;
			sourceTree = "<group>";
		};
/* End PBXGroup section */

/* Begin PBXNativeTarget section */
		808540D81CBD071C0006749F /* YYMusic */ = {
			isa = PBXNativeTarget;
			buildConfigurationList = 808540F01CBD071C0006749F /* Build configuration list for PBXNativeTarget "YYMusic" */;
			buildPhases = (
				808540D51CBD071C0006749F /* Sources */,
				808540D61CBD071C0006749F /* Frameworks */,
				808540D71CBD071C0006749F /* Resources */,
			);
			buildRules = (
			);
			dependencies = (
			);
			name = YYMusic;
			productName = YYMusic;
			productReference = 808540D91CBD071C0006749F /* YYMusic.app */;
			productType = "com.apple.product-type.application";
		};
/* End PBXNativeTarget section */

/* Begin PBXProject section */
		808540D11CBD071C0006749F /* Project object */ = {
			isa = PBXProject;
			attributes = {
				LastUpgradeCheck = 0730;
				ORGANIZATIONNAME = CXY;
				TargetAttributes = {
					808540D81CBD071C0006749F = {
						CreatedOnToolsVersion = 7.3;
						DevelopmentTeam = R6YUTVB787;
					};
				};
			};
			buildConfigurationList = 808540D41CBD071C0006749F /* Build configuration list for PBXProject "YYMusic" */;
			compatibilityVersion = "Xcode 3.2";
			developmentRegion = English;
			hasScannedForEncodings = 0;
			knownRegions = (
				en,
				Base,
			);
			mainGroup = 808540D01CBD071C0006749F;
			productRefGroup = 808540DA1CBD071C0006749F /* Products */;
			projectDirPath = "";
			projectRoot = "";
			targets = (
				808540D81CBD071C0006749F /* YYMusic */,
			);
		};
/* End PBXProject section */

/* Begin PBXResourcesBuildPhase section */
		808540D71CBD071C0006749F /* Resources */ = {
			isa = PBXResourcesBuildPhase;
			buildActionMask = 2147483647;
			files = (
				808540EC1CBD071C0006749F /* LaunchScreen.storyboard in Resources */,
				804067BA1CBDF5AB002457AC /* ic_action_play.png in Resources */,
				804067B61CBDF5AB002457AC /* bg_player_cover_default.png in Resources */,
				8085411E1CBD30170006749F /* a.json in Resources */,
				808540FE1CBD0F030006749F /* music.png in Resources */,
				808540E91CBD071C0006749F /* Assets.xcassets in Resources */,
				804067BB1CBDF5AB002457AC /* ic_action_unfav.png in Resources */,
				804067B71CBDF5AB002457AC /* ic_action_ban.png in Resources */,
				808540E71CBD071C0006749F /* Main.storyboard in Resources */,
				808541141CBD15B00006749F /* temp in Resources */,
				804067B91CBDF5AB002457AC /* ic_action_play_night_model.png in Resources */,
				804067B81CBDF5AB002457AC /* ic_action_next.png in Resources */,
			);
			runOnlyForDeploymentPostprocessing = 0;
		};
/* End PBXResourcesBuildPhase section */

/* Begin PBXSourcesBuildPhase section */
		808540D51CBD071C0006749F /* Sources */ = {
			isa = PBXSourcesBuildPhase;
			buildActionMask = 2147483647;
			files = (
				8085410F1CBD15760006749F /* AFSecurityPolicy.m in Sources */,
				808541111CBD15760006749F /* AFURLResponseSerialization.m in Sources */,
				808540FB1CBD0B120006749F /* SongItemTableViewCell.m in Sources */,
				808540E11CBD071C0006749F /* AppDelegate.m in Sources */,
				8085410D1CBD15760006749F /* AFHTTPSessionManager.m in Sources */,
				804067AF1CBDE007002457AC /* PlayViewController.m in Sources */,
				808541121CBD15760006749F /* AFURLSessionManager.m in Sources */,
				808540F81CBD09370006749F /* SongListTableViewController.m in Sources */,
				8085410E1CBD15760006749F /* AFNetworkReachabilityManager.m in Sources */,
				808540DE1CBD071C0006749F /* main.m in Sources */,
				808541101CBD15760006749F /* AFURLRequestSerialization.m in Sources */,
			);
			runOnlyForDeploymentPostprocessing = 0;
		};
/* End PBXSourcesBuildPhase section */

/* Begin PBXVariantGroup section */
		808540E51CBD071C0006749F /* Main.storyboard */ = {
			isa = PBXVariantGroup;
			children = (
				808540E61CBD071C0006749F /* Base */,
			);
			name = Main.storyboard;
			sourceTree = "<group>";
		};
		808540EA1CBD071C0006749F /* LaunchScreen.storyboard */ = {
			isa = PBXVariantGroup;
			children = (
				808540EB1CBD071C0006749F /* Base */,
			);
			name = LaunchScreen.storyboard;
			sourceTree = "<group>";
		};
/* End PBXVariantGroup section */

/* Begin XCBuildConfiguration section */
		808540EE1CBD071C0006749F /* Debug */ = {
			isa = XCBuildConfiguration;
			buildSettings = {
				ALWAYS_SEARCH_USER_PATHS = NO;
				CLANG_ANALYZER_NONNULL = YES;
				CLANG_CXX_LANGUAGE_STANDARD = "gnu++0x";
				CLANG_CXX_LIBRARY = "libc++";
				CLANG_ENABLE_MODULES = YES;
				CLANG_ENABLE_OBJC_ARC = YES;
				CLANG_WARN_BOOL_CONVERSION = YES;
				CLANG_WARN_CONSTANT_CONVERSION = YES;
				CLANG_WARN_DIRECT_OBJC_ISA_USAGE = YES_ERROR;
				CLANG_WARN_EMPTY_BODY = YES;
				CLANG_WARN_ENUM_CONVERSION = YES;
				CLANG_WARN_INT_CONVERSION = YES;
				CLANG_WARN_OBJC_ROOT_CLASS = YES_ERROR;
				CLANG_WARN_UNREACHABLE_CODE = YES;
				CLANG_WARN__DUPLICATE_METHOD_MATCH = YES;
				"CODE_SIGN_IDENTITY[sdk=iphoneos*]" = "iPhone Developer";
				COPY_PHASE_STRIP = NO;
				DEBUG_INFORMATION_FORMAT = dwarf;
				ENABLE_STRICT_OBJC_MSGSEND = YES;
				ENABLE_TESTABILITY = YES;
				GCC_C_LANGUAGE_STANDARD = gnu99;
				GCC_DYNAMIC_NO_PIC = NO;
				GCC_NO_COMMON_BLOCKS = YES;
				GCC_OPTIMIZATION_LEVEL = 0;
				GCC_PREPROCESSOR_DEFINITIONS = (
					"DEBUG=1",
					"$(inherited)",
				);
				GCC_WARN_64_TO_32_BIT_CONVERSION = YES;
				GCC_WARN_ABOUT_RETURN_TYPE = YES_ERROR;
				GCC_WARN_UNDECLARED_SELECTOR = YES;
				GCC_WARN_UNINITIALIZED_AUTOS = YES_AGGRESSIVE;
				GCC_WARN_UNUSED_FUNCTION = YES;
				GCC_WARN_UNUSED_VARIABLE = YES;
				IPHONEOS_DEPLOYMENT_TARGET = 9.3;
				MTL_ENABLE_DEBUG_INFO = YES;
				ONLY_ACTIVE_ARCH = YES;
				SDKROOT = iphoneos;
			};
			name = Debug;
		};
		808540EF1CBD071C0006749F /* Release */ = {
			isa = XCBuildConfiguration;
			buildSettings = {
				ALWAYS_SEARCH_USER_PATHS = NO;
				CLANG_ANALYZER_NONNULL = YES;
				CLANG_CXX_LANGUAGE_STANDARD = "gnu++0x";
				CLANG_CXX_LIBRARY = "libc++";
				CLANG_ENABLE_MODULES = YES;
				CLANG_ENABLE_OBJC_ARC = YES;
				CLANG_WARN_BOOL_CONVERSION = YES;
				CLANG_WARN_CONSTANT_CONVERSION = YES;
				CLANG_WARN_DIRECT_OBJC_ISA_USAGE = YES_ERROR;
				CLANG_WARN_EMPTY_BODY = YES;
				CLANG_WARN_ENUM_CONVERSION = YES;
				CLANG_WARN_INT_CONVERSION = YES;
				CLANG_WARN_OBJC_ROOT_CLASS = YES_ERROR;
				CLANG_WARN_UNREACHABLE_CODE = YES;
				CLANG_WARN__DUPLICATE_METHOD_MATCH = YES;
				"CODE_SIGN_IDENTITY[sdk=iphoneos*]" = "iPhone Developer";
				COPY_PHASE_STRIP = NO;
				DEBUG_INFORMATION_FORMAT = "dwarf-with-dsym";
				ENABLE_NS_ASSERTIONS = NO;
				ENABLE_STRICT_OBJC_MSGSEND = YES;
				GCC_C_LANGUAGE_STANDARD = gnu99;
				GCC_NO_COMMON_BLOCKS = YES;
				GCC_WARN_64_TO_32_BIT_CONVERSION = YES;
				GCC_WARN_ABOUT_RETURN_TYPE = YES_ERROR;
				GCC_WARN_UNDECLARED_SELECTOR = YES;
				GCC_WARN_UNINITIALIZED_AUTOS = YES_AGGRESSIVE;
				GCC_WARN_UNUSED_FUNCTION = YES;
				GCC_WARN_UNUSED_VARIABLE = YES;
				IPHONEOS_DEPLOYMENT_TARGET = 9.3;
				MTL_ENABLE_DEBUG_INFO = NO;
				SDKROOT = iphoneos;
				VALIDATE_PRODUCT = YES;
			};
			name = Release;
		};
		808540F11CBD071C0006749F /* Debug */ = {
			isa = XCBuildConfiguration;
			buildSettings = {
				ASSETCATALOG_COMPILER_APPICON_NAME = AppIcon;
				INFOPLIST_FILE = YYMusic/Info.plist;
				LD_RUNPATH_SEARCH_PATHS = "$(inherited) @executable_path/Frameworks";
				PRODUCT_BUNDLE_IDENTIFIER = cxy.YYMusic;
				PRODUCT_NAME = "$(TARGET_NAME)";
			};
			name = Debug;
		};
		808540F21CBD071C0006749F /* Release */ = {
			isa = XCBuildConfiguration;
			buildSettings = {
				ASSETCATALOG_COMPILER_APPICON_NAME = AppIcon;
				INFOPLIST_FILE = YYMusic/Info.plist;
				LD_RUNPATH_SEARCH_PATHS = "$(inherited) @executable_path/Frameworks";
				PRODUCT_BUNDLE_IDENTIFIER = cxy.YYMusic;
				PRODUCT_NAME = "$(TARGET_NAME)";
			};
			name = Release;
		};
/* End XCBuildConfiguration section */

/* Begin XCConfigurationList section */
		808540D41CBD071C0006749F /* Build configuration list for PBXProject "YYMusic" */ = {
			isa = XCConfigurationList;
			buildConfigurations = (
				808540EE1CBD071C0006749F /* Debug */,
				808540EF1CBD071C0006749F /* Release */,
			);
			defaultConfigurationIsVisible = 0;
			defaultConfigurationName = Release;
		};
		808540F01CBD071C0006749F /* Build configuration list for PBXNativeTarget "YYMusic" */ = {
			isa = XCConfigurationList;
			buildConfigurations = (
				808540F11CBD071C0006749F /* Debug */,
				808540F21CBD071C0006749F /* Release */,
			);
			defaultConfigurationIsVisible = 0;
			defaultConfigurationName = Release;
		};
/* End XCConfigurationList section */
	};
	rootObject = 808540D11CBD071C0006749F /* Project object */;
}
